
Microsoft Visual Studio Solution File, Format Version 12.00
# Visual Studio Version 18
VisualStudioVersion = 18.5.11716.220
MinimumVisualStudioVersion = 10.0.40219.1
Project("{2150E333-8FDC-42A3-9474-1A3956D46DE8}") = "Adapters", "Adapters", "{02EA681E-C7D8-13C7-8484-4AC65E1B71E8}"
EndProject
Project("{2150E333-8FDC-42A3-9474-1A3956D46DE8}") = "Driven", "Driven", "{95237940-E5E4-4F29-84D6-E0DA2E6A3EAD}"
EndProject
Project("{2150E333-8FDC-42A3-9474-1A3956D46DE8}") = "Drivers", "Drivers", "{EBC86514-4C12-4A67-8404-0D16AB528B58}"
EndProject
Project("{2150E333-8FDC-42A3-9474-1A3956D46DE8}") = "Core", "Core", "{45C3995F-9F9E-4091-A635-23C2134A8DC3}"
EndProject
Project("{2150E333-8FDC-42A3-9474-1A3956D46DE8}") = "CrossCutting", "CrossCutting", "{94092DE6-470A-4314-8B99-CEFEB5A5BD46}"
EndProject
Project("{2150E333-8FDC-42A3-9474-1A3956D46DE8}") = "Application", "Application", "{DED75550-1235-45E4-A52D-0A4E9CA9416C}"
EndProject
Project("{2150E333-8FDC-42A3-9474-1A3956D46DE8}") = "Domain", "Domain", "{5FA7A380-8791-431D-BC36-65E05425823E}"
EndProject
Project("{2150E333-8FDC-42A3-9474-1A3956D46DE8}") = "Infra", "Infra", "{58F41025-D2B7-4FC2-BEB4-55ECE794F405}"
EndProject
Project("{FAE04EC0-301F-11D3-BF4B-00C04F79EFBC}") = "Opah.BancoCarrefour.SqlServer.Repository", "Opah.BancoCarrefour.SqlServer.Repository\Opah.BancoCarrefour.SqlServer.Repository.csproj", "{B6E2273D-4C1D-5431-F565-FBD656B2F72F}"
EndProject
Project("{FAE04EC0-301F-11D3-BF4B-00C04F79EFBC}") = "Opah.BancoCarrefour.Api", "Opah.BancoCarrefour.Api\Opah.BancoCarrefour.Api.csproj", "{1D5A9CC9-C748-40BD-E000-5AE3C479EC02}"
EndProject
Project("{FAE04EC0-301F-11D3-BF4B-00C04F79EFBC}") = "Opah.BancoCarrefour.Application", "Opah.BancoCarrefour.Application\Opah.BancoCarrefour.Application.csproj", "{A16B327E-7832-7CEF-E7E2-B640CC9EF9BF}"
EndProject
Project("{FAE04EC0-301F-11D3-BF4B-00C04F79EFBC}") = "Opah.BancoCarrefour.Domain", "Opah.BancoCarrefour.Domain\Opah.BancoCarrefour.Domain.csproj", "{250A264B-DDAF-5442-6550-9AB48C44E3E0}"
EndProject
Project("{FAE04EC0-301F-11D3-BF4B-00C04F79EFBC}") = "Opah.BancoCarrefour.IoC", "Opah.BancoCarrefour.IoC\Opah.BancoCarrefour.IoC.csproj", "{308A6372-6088-ED7D-39D9-868216CBB5E4}"
EndProject
Project("{FAE04EC0-301F-11D3-BF4B-00C04F79EFBC}") = "Opah.BancoCarrefour.Tests", "Opah.BancoCarrefour.Tests\Opah.BancoCarrefour.Tests.csproj", "{9A082720-DE85-4806-BE80-F911D4D7522A}"
EndProject
Project("{2150E333-8FDC-42A3-9474-1A3956D46DE8}") = "Repository", "Repository", "{C2D1F267-7836-490D-982E-FDB0C9247654}"
EndProject
Project("{2150E333-8FDC-42A3-9474-1A3956D46DE8}") = "MessageBroker", "MessageBroker", "{86C66AC2-5640-4DA6-B677-3A3DA11562EF}"
EndProject
Project("{FAE04EC0-301F-11D3-BF4B-00C04F79EFBC}") = "Opah.BancoCarrefour.Messaging", "Opah.BancoCarrefour.Messaging\Opah.BancoCarrefour.Messaging.csproj", "{56E4F8AD-1BD8-3BFC-526C-95B5F6D8D398}"
EndProject
Project("{FAE04EC0-301F-11D3-BF4B-00C04F79EFBC}") = "Opah.BancoCarrefour.RabbitMQWorker", "Opah.BancoCarrefour.RabbitMQWorker\Opah.BancoCarrefour.RabbitMQWorker.csproj", "{F318D203-A0E6-4D87-84AD-53F74315F517}"
EndProject
Project("{E53339B2-1760-4266-BCC7-CA923CBCF16C}") = "docker-compose", "docker-compose.dcproj", "{81DDED9D-158B-E303-5F62-77A2896D2A5A}"
EndProject
Global
	GlobalSection(SolutionConfigurationPlatforms) = preSolution
		Debug|Any CPU = Debug|Any CPU
		Release|Any CPU = Release|Any CPU
	EndGlobalSection
	GlobalSection(ProjectConfigurationPlatforms) = postSolution
		{B6E2273D-4C1D-5431-F565-FBD656B2F72F}.Debug|Any CPU.ActiveCfg = Debug|Any CPU
		{B6E2273D-4C1D-5431-F565-FBD656B2F72F}.Debug|Any CPU.Build.0 = Debug|Any CPU
		{B6E2273D-4C1D-5431-F565-FBD656B2F72F}.Release|Any CPU.ActiveCfg = Release|Any CPU
		{B6E2273D-4C1D-5431-F565-FBD656B2F72F}.Release|Any CPU.Build.0 = Release|Any CPU
		{1D5A9CC9-C748-40BD-E000-5AE3C479EC02}.Debug|Any CPU.ActiveCfg = Debug|Any CPU
		{1D5A9CC9-C748-40BD-E000-5AE3C479EC02}.Debug|Any CPU.Build.0 = Debug|Any CPU
		{1D5A9CC9-C748-40BD-E000-5AE3C479EC02}.Release|Any CPU.ActiveCfg = Release|Any CPU
		{1D5A9CC9-C748-40BD-E000-5AE3C479EC02}.Release|Any CPU.Build.0 = Release|Any CPU
		{A16B327E-7832-7CEF-E7E2-B640CC9EF9BF}.Debug|Any CPU.ActiveCfg = Debug|Any CPU
		{A16B327E-7832-7CEF-E7E2-B640CC9EF9BF}.Debug|Any CPU.Build.0 = Debug|Any CPU
		{A16B327E-7832-7CEF-E7E2-B640CC9EF9BF}.Release|Any CPU.ActiveCfg = Release|Any CPU
		{A16B327E-7832-7CEF-E7E2-B640CC9EF9BF}.Release|Any CPU.Build.0 = Release|Any CPU
		{250A264B-DDAF-5442-6550-9AB48C44E3E0}.Debug|Any CPU.ActiveCfg = Debug|Any CPU
		{250A264B-DDAF-5442-6550-9AB48C44E3E0}.Debug|Any CPU.Build.0 = Debug|Any CPU
		{250A264B-DDAF-5442-6550-9AB48C44E3E0}.Release|Any CPU.ActiveCfg = Release|Any CPU
		{250A264B-DDAF-5442-6550-9AB48C44E3E0}.Release|Any CPU.Build.0 = Release|Any CPU
		{308A6372-6088-ED7D-39D9-868216CBB5E4}.Debug|Any CPU.ActiveCfg = Debug|Any CPU
		{308A6372-6088-ED7D-39D9-868216CBB5E4}.Debug|Any CPU.Build.0 = Debug|Any CPU
		{308A6372-6088-ED7D-39D9-868216CBB5E4}.Release|Any CPU.ActiveCfg = Release|Any CPU
		{308A6372-6088-ED7D-39D9-868216CBB5E4}.Release|Any CPU.Build.0 = Release|Any CPU
		{9A082720-DE85-4806-BE80-F911D4D7522A}.Debug|Any CPU.ActiveCfg = Debug|Any CPU
		{9A082720-DE85-4806-BE80-F911D4D7522A}.Debug|Any CPU.Build.0 = Debug|Any CPU
		{9A082720-DE85-4806-BE80-F911D4D7522A}.Release|Any CPU.ActiveCfg = Release|Any CPU
		{9A082720-DE85-4806-BE80-F911D4D7522A}.Release|Any CPU.Build.0 = Release|Any CPU
		{56E4F8AD-1BD8-3BFC-526C-95B5F6D8D398}.Debug|Any CPU.ActiveCfg = Debug|Any CPU
		{56E4F8AD-1BD8-3BFC-526C-95B5F6D8D398}.Debug|Any CPU.Build.0 = Debug|Any CPU
		{56E4F8AD-1BD8-3BFC-526C-95B5F6D8D398}.Release|Any CPU.ActiveCfg = Release|Any CPU
		{56E4F8AD-1BD8-3BFC-526C-95B5F6D8D398}.Release|Any CPU.Build.0 = Release|Any CPU
		{F318D203-A0E6-4D87-84AD-53F74315F517}.Debug|Any CPU.ActiveCfg = Debug|Any CPU
		{F318D203-A0E6-4D87-84AD-53F74315F517}.Debug|Any CPU.Build.0 = Debug|Any CPU
		{F318D203-A0E6-4D87-84AD-53F74315F517}.Release|Any CPU.ActiveCfg = Release|Any CPU
		{F318D203-A0E6-4D87-84AD-53F74315F517}.Release|Any CPU.Build.0 = Release|Any CPU
		{81DDED9D-158B-E303-5F62-77A2896D2A5A}.Debug|Any CPU.ActiveCfg = Debug|Any CPU
		{81DDED9D-158B-E303-5F62-77A2896D2A5A}.Debug|Any CPU.Build.0 = Debug|Any CPU
		{81DDED9D-158B-E303-5F62-77A2896D2A5A}.Release|Any CPU.ActiveCfg = Release|Any CPU
		{81DDED9D-158B-E303-5F62-77A2896D2A5A}.Release|Any CPU.Build.0 = Release|Any CPU
	EndGlobalSection
	GlobalSection(SolutionProperties) = preSolution
		HideSolutionNode = FALSE
	EndGlobalSection
	GlobalSection(NestedProjects) = preSolution
		{95237940-E5E4-4F29-84D6-E0DA2E6A3EAD} = {02EA681E-C7D8-13C7-8484-4AC65E1B71E8}
		{EBC86514-4C12-4A67-8404-0D16AB528B58} = {02EA681E-C7D8-13C7-8484-4AC65E1B71E8}
		{DED75550-1235-45E4-A52D-0A4E9CA9416C} = {45C3995F-9F9E-4091-A635-23C2134A8DC3}
		{5FA7A380-8791-431D-BC36-65E05425823E} = {45C3995F-9F9E-4091-A635-23C2134A8DC3}
		{58F41025-D2B7-4FC2-BEB4-55ECE794F405} = {95237940-E5E4-4F29-84D6-E0DA2E6A3EAD}
		{B6E2273D-4C1D-5431-F565-FBD656B2F72F} = {C2D1F267-7836-490D-982E-FDB0C9247654}
		{1D5A9CC9-C748-40BD-E000-5AE3C479EC02} = {EBC86514-4C12-4A67-8404-0D16AB528B58}
		{A16B327E-7832-7CEF-E7E2-B640CC9EF9BF} = {DED75550-1235-45E4-A52D-0A4E9CA9416C}
		{250A264B-DDAF-5442-6550-9AB48C44E3E0} = {5FA7A380-8791-431D-BC36-65E05425823E}
		{308A6372-6088-ED7D-39D9-868216CBB5E4} = {94092DE6-470A-4314-8B99-CEFEB5A5BD46}
		{9A082720-DE85-4806-BE80-F911D4D7522A} = {EBC86514-4C12-4A67-8404-0D16AB528B58}
		{C2D1F267-7836-490D-982E-FDB0C9247654} = {58F41025-D2B7-4FC2-BEB4-55ECE794F405}
		{86C66AC2-5640-4DA6-B677-3A3DA11562EF} = {58F41025-D2B7-4FC2-BEB4-55ECE794F405}
		{56E4F8AD-1BD8-3BFC-526C-95B5F6D8D398} = {86C66AC2-5640-4DA6-B677-3A3DA11562EF}
		{F318D203-A0E6-4D87-84AD-53F74315F517} = {86C66AC2-5640-4DA6-B677-3A3DA11562EF}
	EndGlobalSection
	GlobalSection(ExtensibilityGlobals) = postSolution
		SolutionGuid = {DD1894EB-EA0D-4804-A060-ADFDBE49A94D}
	EndGlobalSection
EndGlobal
